// !$*UTF8*$!
{
	archiveVersion = 1;
	classes = {
	};
	objectVersion = 48;
	objects = {

/* Begin PBXBuildFile section */
		79535B032105745200648398 /* AppDelegate.m in Sources */ = {isa = PBXBuildFile; fileRef = 79535B022105745200648398 /* AppDelegate.m */; };
		79535B062105745200648398 /* ViewController.m in Sources */ = {isa = PBXBuildFile; fileRef = 79535B052105745200648398 /* ViewController.m */; };
		79535B092105745200648398 /* Main.storyboard in Resources */ = {isa = PBXBuildFile; fileRef = 79535B072105745200648398 /* Main.storyboard */; };
		79535B0B2105745200648398 /* Assets.xcassets in Resources */ = {isa = PBXBuildFile; fileRef = 79535B0A2105745200648398 /* Assets.xcassets */; };
		79535B0E2105745200648398 /* LaunchScreen.storyboard in Resources */ = {isa = PBXBuildFile; fileRef = 79535B0C2105745200648398 /* LaunchScreen.storyboard */; };
		79535B112105745200648398 /* main.m in Sources */ = {isa = PBXBuildFile; fileRef = 79535B102105745200648398 /* main.m */; };
		79535B352105772000648398 /* UILabel+MoneyAnimation.m in Sources */ = {isa = PBXBuildFile; fileRef = 79535B342105772000648398 /* UILabel+MoneyAnimation.m */; };
/* End PBXBuildFile section */

/* Begin PBXContainerItemProxy section */
		79535B172105745200648398 /* PBXContainerItemProxy */ = {
			isa = PBXContainerItemProxy;
			containerPortal = 79535AF62105745100648398 /* Project object */;
			proxyType = 1;
			remoteGlobalIDString = 79535AFD2105745200648398;
			remoteInfo = MoneyAnimation;
		};
		79535B222105745200648398 /* PBXContainerItemProxy */ = {
			isa = PBXContainerItemProxy;
			containerPortal = 79535AF62105745100648398 /* Project object */;
			proxyType = 1;
			remoteGlobalIDString = 79535AFD2105745200648398;
			remoteInfo = MoneyAnimation;
		};
/* End PBXContainerItemProxy section */

/* Begin PBXFileReference section */
		79535AFE2105745200648398 /* MoneyAnimation.app */ = {isa = PBXFileReference; explicitFileType = wrapper.application; includeInIndex = 0; path = MoneyAnimation.app; sourceTree = BUILT_PRODUCTS_DIR; };
		79535B012105745200648398 /* AppDelegate.h */ = {isa = PBXFileReference; lastKnownFileType = sourcecode.c.h; path = AppDelegate.h; sourceTree = "<group>"; };
		79535B022105745200648398 /* AppDelegate.m */ = {isa = PBXFileReference; lastKnownFileType = sourcecode.c.objc; path = AppDelegate.m; sourceTree = "<group>"; };
		79535B042105745200648398 /* ViewController.h */ = {isa = PBXFileReference; lastKnownFileType = sourcecode.c.h; path = ViewController.h; sourceTree = "<group>"; };
		79535B052105745200648398 /* ViewController.m */ = {isa = PBXFileReference; lastKnownFileType = sourcecode.c.objc; path = ViewController.m; sourceTree = "<group>"; };
		79535B082105745200648398 /* Base */ = {isa = PBXFileReference; lastKnownFileType = file.storyboard; name = Base; path = Base.lproj/Main.storyboard; sourceTree = "<group>"; };
		79535B0A2105745200648398 /* Assets.xcassets */ = {isa = PBXFileReference; lastKnownFileType = folder.assetcatalog; path = Assets.xcassets; sourceTree = "<group>"; };
		79535B0D2105745200648398 /* Base */ = {isa = PBXFileReference; lastKnownFileType = file.storyboard; name = Base; path = Base.lproj/LaunchScreen.storyboard; sourceTree = "<group>"; };
		79535B0F2105745200648398 /* Info.plist */ = {isa = PBXFileReference; lastKnownFileType = text.plist.xml; path = Info.plist; sourceTree = "<group>"; };
		79535B102105745200648398 /* main.m */ = {isa = PBXFileReference; lastKnownFileType = sourcecode.c.objc; path = main.m; sourceTree = "<group>"; };
		79535B162105745200648398 /* MoneyAnimationTests.xctest */ = {isa = PBXFileReference; explicitFileType = wrapper.cfbundle; includeInIndex = 0; path = MoneyAnimationTests.xctest; sourceTree = BUILT_PRODUCTS_DIR; };
		79535B212105745200648398 /* MoneyAnimationUITests.xctest */ = {isa = PBXFileReference; explicitFileType = wrapper.cfbundle; includeInIndex = 0; path = MoneyAnimationUITests.xctest; sourceTree = BUILT_PRODUCTS_DIR; };
		79535B332105772000648398 /* UILabel+MoneyAnimation.h */ = {isa = PBXFileReference; lastKnownFileType = sourcecode.c.h; path = "UILabel+MoneyAnimation.h"; sourceTree = "<group>"; };
		79535B342105772000648398 /* UILabel+MoneyAnimation.m */ = {isa = PBXFileReference; lastKnownFileType = sourcecode.c.objc; path = "UILabel+MoneyAnimation.m"; sourceTree = "<group>"; };
/* End PBXFileReference section */

/* Begin PBXFrameworksBuildPhase section */
		79535AFB2105745200648398 /* Frameworks */ = {
			isa = PBXFrameworksBuildPhase;
			buildActionMask = 2147483647;
			files = (
			);
			runOnlyForDeploymentPostprocessing = 0;
		};
		79535B132105745200648398 /* Frameworks */ = {
			isa = PBXFrameworksBuildPhase;
			buildActionMask = 2147483647;
			files = (
			);
			runOnlyForDeploymentPostprocessing = 0;
		};
		79535B1E2105745200648398 /* Frameworks */ = {
			isa = PBXFrameworksBuildPhase;
			buildActionMask = 2147483647;
			files = (
			);
			runOnlyForDeploymentPostprocessing = 0;
		};
/* End PBXFrameworksBuildPhase section */

/* Begin PBXGroup section */
		79535AF52105745100648398 = {
			isa = PBXGroup;
			children = (
				79535B002105745200648398 /* MoneyAnimation */,
				79535AFF2105745200648398 /* Products */,
			);
			sourceTree = "<group>";
		};
		79535AFF2105745200648398 /* Products */ = {
			isa = PBXGroup;
			children = (
				79535AFE2105745200648398 /* MoneyAnimation.app */,
				79535B162105745200648398 /* MoneyAnimationTests.xctest */,
				79535B212105745200648398 /* MoneyAnimationUITests.xctest */,
			);
			name = Products;
			sourceTree = "<group>";
		};
		79535B002105745200648398 /* MoneyAnimation */ = {
			isa = PBXGroup;
			children = (
				79535B012105745200648398 /* AppDelegate.h */,
				79535B022105745200648398 /* AppDelegate.m */,
				79535B042105745200648398 /* ViewController.h */,
				79535B052105745200648398 /* ViewController.m */,
				79535B332105772000648398 /* UILabel+MoneyAnimation.h */,
				79535B342105772000648398 /* UILabel+MoneyAnimation.m */,
				79535B072105745200648398 /* Main.storyboard */,
				79535B0A2105745200648398 /* Assets.xcassets */,
				79535B0C2105745200648398 /* LaunchScreen.storyboard */,
				79535B0F2105745200648398 /* Info.plist */,
				79535B102105745200648398 /* main.m */,
			);
			path = MoneyAnimation;
			sourceTree = "<group>";
		};
/* End PBXGroup section */

/* Begin PBXNativeTarget section */
		79535AFD2105745200648398 /* MoneyAnimation */ = {
			isa = PBXNativeTarget;
			buildConfigurationList = 79535B2A2105745200648398 /* Build configuration list for PBXNativeTarget "MoneyAnimation" */;
			buildPhases = (
				79535AFA2105745200648398 /* Sources */,
				79535AFB2105745200648398 /* Frameworks */,
				79535AFC2105745200648398 /* Resources */,
			);
			buildRules = (
			);
			dependencies = (
			);
			name = MoneyAnimation;
			productName = MoneyAnimation;
			productReference = 79535AFE2105745200648398 /* MoneyAnimation.app */;
			productType = "com.apple.product-type.application";
		};
		79535B152105745200648398 /* MoneyAnimationTests */ = {
			isa = PBXNativeTarget;
			buildConfigurationList = 79535B2D2105745200648398 /* Build configuration list for PBXNativeTarget "MoneyAnimationTests" */;
			buildPhases = (
				79535B122105745200648398 /* Sources */,
				79535B132105745200648398 /* Frameworks */,
				79535B142105745200648398 /* Resources */,
			);
			buildRules = (
			);
			dependencies = (
				79535B182105745200648398 /* PBXTargetDependency */,
			);
			name = MoneyAnimationTests;
			productName = MoneyAnimationTests;
			productReference = 79535B162105745200648398 /* MoneyAnimationTests.xctest */;
			productType = "com.apple.product-type.bundle.unit-test";
		};
		79535B202105745200648398 /* MoneyAnimationUITests */ = {
			isa = PBXNativeTarget;
			buildConfigurationList = 79535B302105745200648398 /* Build configuration list for PBXNativeTarget "MoneyAnimationUITests" */;
			buildPhases = (
				79535B1D2105745200648398 /* Sources */,
				79535B1E2105745200648398 /* Frameworks */,
				79535B1F2105745200648398 /* Resources */,
			);
			buildRules = (
			);
			dependencies = (
				79535B232105745200648398 /* PBXTargetDependency */,
			);
			name = MoneyAnimationUITests;
			productName = MoneyAnimationUITests;
			productReference = 79535B212105745200648398 /* MoneyAnimationUITests.xctest */;
			productType = "com.apple.product-type.bundle.ui-testing";
		};
/* End PBXNativeTarget section */

/* Begin PBXProject section */
		79535AF62105745100648398 /* Project object */ = {
			isa = PBXProject;
			attributes = {
				LastUpgradeCheck = 0920;
				ORGANIZATIONNAME = DW;
				TargetAttributes = {
					79535AFD2105745200648398 = {
						CreatedOnToolsVersion = 9.2;
						ProvisioningStyle = Automatic;
					};
					79535B152105745200648398 = {
						CreatedOnToolsVersion = 9.2;
						ProvisioningStyle = Automatic;
						TestTargetID = 79535AFD2105745200648398;
					};
					79535B202105745200648398 = {
						CreatedOnToolsVersion = 9.2;
						ProvisioningStyle = Automatic;
						TestTargetID = 79535AFD2105745200648398;
					};
				};
			};
			buildConfigurationList = 79535AF92105745100648398 /* Build configuration list for PBXProject "MoneyAnimation" */;
			compatibilityVersion = "Xcode 8.0";
			developmentRegion = en;
			hasScannedForEncodings = 0;
			knownRegions = (
				en,
				Base,
			);
			mainGroup = 79535AF52105745100648398;
			productRefGroup = 79535AFF2105745200648398 /* Products */;
			projectDirPath = "";
			projectRoot = "";
			targets = (
				79535AFD2105745200648398 /* MoneyAnimation */,
				79535B152105745200648398 /* MoneyAnimationTests */,
				79535B202105745200648398 /* MoneyAnimationUITests */,
			);
		};
/* End PBXProject section */

/* Begin PBXResourcesBuildPhase section */
		79535AFC2105745200648398 /* Resources */ = {
			isa = PBXResourcesBuildPhase;
			buildActionMask = 2147483647;
			files = (
				79535B0E2105745200648398 /* LaunchScreen.storyboard in Resources */,
				79535B0B2105745200648398 /* Assets.xcassets in Resources */,
				79535B092105745200648398 /* Main.storyboard in Resources */,
			);
			runOnlyForDeploymentPostprocessing = 0;
		};
		79535B142105745200648398 /* Resources */ = {
			isa = PBXResourcesBuildPhase;
			buildActionMask = 2147483647;
			files = (
			);
			runOnlyForDeploymentPostprocessing = 0;
		};
		79535B1F2105745200648398 /* Resources */ = {
			isa = PBXResourcesBuildPhase;
			buildActionMask = 2147483647;
			files = (
			);
			runOnlyForDeploymentPostprocessing = 0;
		};
/* End PBXResourcesBuildPhase section */

/* Begin PBXSourcesBuildPhase section */
		79535AFA2105745200648398 /* Sources */ = {
			isa = PBXSourcesBuildPhase;
			buildActionMask = 2147483647;
			files = (
				79535B352105772000648398 /* UILabel+MoneyAnimation.m in Sources */,
				79535B062105745200648398 /* ViewController.m in Sources */,
				79535B112105745200648398 /* main.m in Sources */,
				79535B032105745200648398 /* AppDelegate.m in Sources */,
			);
			runOnlyForDeploymentPostprocessing = 0;
		};
		79535B122105745200648398 /* Sources */ = {
			isa = PBXSourcesBuildPhase;
			buildActionMask = 2147483647;
			files = (
			);
			runOnlyForDeploymentPostprocessing = 0;
		};
		79535B1D2105745200648398 /* Sources */ = {
			isa = PBXSourcesBuildPhase;
			buildActionMask = 2147483647;
			files = (
			);
			runOnlyForDeploymentPostprocessing = 0;
		};
/* End PBXSourcesBuildPhase section */

/* Begin PBXTargetDependency section */
		79535B182105745200648398 /* PBXTargetDependency */ = {
			isa = PBXTargetDependency;
			target = 79535AFD2105745200648398 /* MoneyAnimation */;
			targetProxy = 79535B172105745200648398 /* PBXContainerItemProxy */;
		};
		79535B232105745200648398 /* PBXTargetDependency */ = {
			isa = PBXTargetDependency;
			target = 79535AFD2105745200648398 /* MoneyAnimation */;
			targetProxy = 79535B222105745200648398 /* PBXContainerItemProxy */;
		};
/* End PBXTargetDependency section */

/* Begin PBXVariantGroup section */
		79535B072105745200648398 /* Main.storyboard */ = {
			isa = PBXVariantGroup;
			children = (
				79535B082105745200648398 /* Base */,
			);
			name = Main.storyboard;
			sourceTree = "<group>";
		};
		79535B0C2105745200648398 /* LaunchScreen.storyboard */ = {
			isa = PBXVariantGroup;
			children = (
				79535B0D2105745200648398 /* Base */,
			);
			name = LaunchScreen.storyboard;
			sourceTree = "<group>";
		};
/* End PBXVariantGroup section */

/* Begin XCBuildConfiguration section */
		79535B282105745200648398 /* Debug */ = {
			isa = XCBuildConfiguration;
			buildSettings = {
				ALWAYS_SEARCH_USER_PATHS = NO;
				CLANG_ANALYZER_NONNULL = YES;
				CLANG_ANALYZER_NUMBER_OBJECT_CONVERSION = YES_AGGRESSIVE;
				CLANG_CXX_LANGUAGE_STANDARD = "gnu++14";
				CLANG_CXX_LIBRARY = "libc++";
				CLANG_ENABLE_MODULES = YES;
				CLANG_ENABLE_OBJC_ARC = YES;
				CLANG_WARN_BLOCK_CAPTURE_AUTORELEASING = YES;
				CLANG_WARN_BOOL_CONVERSION = YES;
				CLANG_WARN_COMMA = YES;
				CLANG_WARN_CONSTANT_CONVERSION = YES;
				CLANG_WARN_DIRECT_OBJC_ISA_USAGE = YES_ERROR;
				CLANG_WARN_DOCUMENTATION_COMMENTS = YES;
				CLANG_WARN_EMPTY_BODY = YES;
				CLANG_WARN_ENUM_CONVERSION = YES;
				CLANG_WARN_INFINITE_RECURSION = YES;
				CLANG_WARN_INT_CONVERSION = YES;
				CLANG_WARN_NON_LITERAL_NULL_CONVERSION = YES;
				CLANG_WARN_OBJC_LITERAL_CONVERSION = YES;
				CLANG_WARN_OBJC_ROOT_CLASS = YES_ERROR;
				CLANG_WARN_RANGE_LOOP_ANALYSIS = YES;
				CLANG_WARN_STRICT_PROTOTYPES = YES;
				CLANG_WARN_SUSPICIOUS_MOVE = YES;
				CLANG_WARN_UNGUARDED_AVAILABILITY = YES_AGGRESSIVE;
				CLANG_WARN_UNREACHABLE_CODE = YES;
				CLANG_WARN__DUPLICATE_METHOD_MATCH = YES;
				CODE_SIGN_IDENTITY = "iPhone Developer";
				COPY_PHASE_STRIP = NO;
				DEBUG_INFORMATION_FORMAT = dwarf;
				ENABLE_STRICT_OBJC_MSGSEND = YES;
				ENABLE_TESTABILITY = YES;
				GCC_C_LANGUAGE_STANDARD = gnu11;
				GCC_DYNAMIC_NO_PIC = NO;
				GCC_NO_COMMON_BLOCKS = YES;
				GCC_OPTIMIZATION_LEVEL = 0;
				GCC_PREPROCESSOR_DEFINITIONS = (
					"DEBUG=1",
					"$(inherited)",
				);
				GCC_WARN_64_TO_32_BIT_CONVERSION = YES;
				GCC_WARN_ABOUT_RETURN_TYPE = YES_ERROR;
				GCC_WARN_UNDECLARED_SELECTOR = YES;
				GCC_WARN_UNINITIALIZED_AUTOS = YES_AGGRESSIVE;
				GCC_WARN_UNUSED_FUNCTION = YES;
				GCC_WARN_UNUSED_VARIABLE = YES;
				IPHONEOS_DEPLOYMENT_TARGET = 11.2;
				MTL_ENABLE_DEBUG_INFO = YES;
				ONLY_ACTIVE_ARCH = YES;
				SDKROOT = iphoneos;
			};
			name = Debug;
		};
		79535B292105745200648398 /* Release */ = {
			isa = XCBuildConfiguration;
			buildSettings = {
				ALWAYS_SEARCH_USER_PATHS = NO;
				CLANG_ANALYZER_NONNULL = YES;
				CLANG_ANALYZER_NUMBER_OBJECT_CONVERSION = YES_AGGRESSIVE;
				CLANG_CXX_LANGUAGE_STANDARD = "gnu++14";
				CLANG_CXX_LIBRARY = "libc++";
				CLANG_ENABLE_MODULES = YES;
				CLANG_ENABLE_OBJC_ARC = YES;
				CLANG_WARN_BLOCK_CAPTURE_AUTORELEASING = YES;
				CLANG_WARN_BOOL_CONVERSION = YES;
				CLANG_WARN_COMMA = YES;
				CLANG_WARN_CONSTANT_CONVERSION = YES;
				CLANG_WARN_DIRECT_OBJC_ISA_USAGE = YES_ERROR;
				CLANG_WARN_DOCUMENTATION_COMMENTS = YES;
				CLANG_WARN_EMPTY_BODY = YES;
				CLANG_WARN_ENUM_CONVERSION = YES;
				CLANG_WARN_INFINITE_RECURSION = YES;
				CLANG_WARN_INT_CONVERSION = YES;
				CLANG_WARN_NON_LITERAL_NULL_CONVERSION = YES;
				CLANG_WARN_OBJC_LITERAL_CONVERSION = YES;
				CLANG_WARN_OBJC_ROOT_CLASS = YES_ERROR;
				CLANG_WARN_RANGE_LOOP_ANALYSIS = YES;
				CLANG_WARN_STRICT_PROTOTYPES = YES;
				CLANG_WARN_SUSPICIOUS_MOVE = YES;
				CLANG_WARN_UNGUARDED_AVAILABILITY = YES_AGGRESSIVE;
				CLANG_WARN_UNREACHABLE_CODE = YES;
				CLANG_WARN__DUPLICATE_METHOD_MATCH = YES;
				CODE_SIGN_IDENTITY = "iPhone Developer";
				COPY_PHASE_STRIP = NO;
				DEBUG_INFORMATION_FORMAT = "dwarf-with-dsym";
				ENABLE_NS_ASSERTIONS = NO;
				ENABLE_STRICT_OBJC_MSGSEND = YES;
				GCC_C_LANGUAGE_STANDARD = gnu11;
				GCC_NO_COMMON_BLOCKS = YES;
				GCC_WARN_64_TO_32_BIT_CONVERSION = YES;
				GCC_WARN_ABOUT_RETURN_TYPE = YES_ERROR;
				GCC_WARN_UNDECLARED_SELECTOR = YES;
				GCC_WARN_UNINITIALIZED_AUTOS = YES_AGGRESSIVE;
				GCC_WARN_UNUSED_FUNCTION = YES;
				GCC_WARN_UNUSED_VARIABLE = YES;
				IPHONEOS_DEPLOYMENT_TARGET = 11.2;
				MTL_ENABLE_DEBUG_INFO = NO;
				SDKROOT = iphoneos;
				VALIDATE_PRODUCT = YES;
			};
			name = Release;
		};
		79535B2B2105745200648398 /* Debug */ = {
			isa = XCBuildConfiguration;
			buildSettings = {
				ASSETCATALOG_COMPILER_APPICON_NAME = AppIcon;
				CODE_SIGN_STYLE = Automatic;
				INFOPLIST_FILE = MoneyAnimation/Info.plist;
				LD_RUNPATH_SEARCH_PATHS = "$(inherited) @executable_path/Frameworks";
				PRODUCT_BUNDLE_IDENTIFIER = com.DW.MoneyAnimation;
				PRODUCT_NAME = "$(TARGET_NAME)";
				TARGETED_DEVICE_FAMILY = "1,2";
			};
			name = Debug;
		};
		79535B2C2105745200648398 /* Release */ = {
			isa = XCBuildConfiguration;
			buildSettings = {
				ASSETCATALOG_COMPILER_APPICON_NAME = AppIcon;
				CODE_SIGN_STYLE = Automatic;
				INFOPLIST_FILE = MoneyAnimation/Info.plist;
				LD_RUNPATH_SEARCH_PATHS = "$(inherited) @executable_path/Frameworks";
				PRODUCT_BUNDLE_IDENTIFIER = com.DW.MoneyAnimation;
				PRODUCT_NAME = "$(TARGET_NAME)";
				TARGETED_DEVICE_FAMILY = "1,2";
			};
			name = Release;
		};
		79535B2E2105745200648398 /* Debug */ = {
			isa = XCBuildConfiguration;
			buildSettings = {
				BUNDLE_LOADER = "$(TEST_HOST)";
				CODE_SIGN_STYLE = Automatic;
				INFOPLIST_FILE = MoneyAnimationTests/Info.plist;
				LD_RUNPATH_SEARCH_PATHS = "$(inherited) @executable_path/Frameworks @loader_path/Frameworks";
				PRODUCT_BUNDLE_IDENTIFIER = com.DW.MoneyAnimationTests;
				PRODUCT_NAME = "$(TARGET_NAME)";
				TARGETED_DEVICE_FAMILY = "1,2";
				TEST_HOST = "$(BUILT_PRODUCTS_DIR)/MoneyAnimation.app/MoneyAnimation";
			};
			name = Debug;
		};
		79535B2F2105745200648398 /* Release */ = {
			isa = XCBuildConfiguration;
			buildSettings = {
				BUNDLE_LOADER = "$(TEST_HOST)";
				CODE_SIGN_STYLE = Automatic;
				INFOPLIST_FILE = MoneyAnimationTests/Info.plist;
				LD_RUNPATH_SEARCH_PATHS = "$(inherited) @executable_path/Frameworks @loader_path/Frameworks";
				PRODUCT_BUNDLE_IDENTIFIER = com.DW.MoneyAnimationTests;
				PRODUCT_NAME = "$(TARGET_NAME)";
				TARGETED_DEVICE_FAMILY = "1,2";
				TEST_HOST = "$(BUILT_PRODUCTS_DIR)/MoneyAnimation.app/MoneyAnimation";
			};
			name = Release;
		};
		79535B312105745200648398 /* Debug */ = {
			isa = XCBuildConfiguration;
			buildSettings = {
				CODE_SIGN_STYLE = Automatic;
				INFOPLIST_FILE = MoneyAnimationUITests/Info.plist;
				LD_RUNPATH_SEARCH_PATHS = "$(inherited) @executable_path/Frameworks @loader_path/Frameworks";
				PRODUCT_BUNDLE_IDENTIFIER = com.DW.MoneyAnimationUITests;
				PRODUCT_NAME = "$(TARGET_NAME)";
				TARGETED_DEVICE_FAMILY = "1,2";
				TEST_TARGET_NAME = MoneyAnimation;
			};
			name = Debug;
		};
		79535B322105745200648398 /* Release */ = {
			isa = XCBuildConfiguration;
			buildSettings = {
				CODE_SIGN_STYLE = Automatic;
				INFOPLIST_FILE = MoneyAnimationUITests/Info.plist;
				LD_RUNPATH_SEARCH_PATHS = "$(inherited) @executable_path/Frameworks @loader_path/Frameworks";
				PRODUCT_BUNDLE_IDENTIFIER = com.DW.MoneyAnimationUITests;
				PRODUCT_NAME = "$(TARGET_NAME)";
				TARGETED_DEVICE_FAMILY = "1,2";
				TEST_TARGET_NAME = MoneyAnimation;
			};
			name = Release;
		};
/* End XCBuildConfiguration section */

/* Begin XCConfigurationList section */
		79535AF92105745100648398 /* Build configuration list for PBXProject "MoneyAnimation" */ = {
			isa = XCConfigurationList;
			buildConfigurations = (
				79535B282105745200648398 /* Debug */,
				79535B292105745200648398 /* Release */,
			);
			defaultConfigurationIsVisible = 0;
			defaultConfigurationName = Release;
		};
		79535B2A2105745200648398 /* Build configuration list for PBXNativeTarget "MoneyAnimation" */ = {
			isa = XCConfigurationList;
			buildConfigurations = (
				79535B2B2105745200648398 /* Debug */,
				79535B2C2105745200648398 /* Release */,
			);
			defaultConfigurationIsVisible = 0;
			defaultConfigurationName = Release;
		};
		79535B2D2105745200648398 /* Build configuration list for PBXNativeTarget "MoneyAnimationTests" */ = {
			isa = XCConfigurationList;
			buildConfigurations = (
				79535B2E2105745200648398 /* Debug */,
				79535B2F2105745200648398 /* Release */,
			);
			defaultConfigurationIsVisible = 0;
			defaultConfigurationName = Release;
		};
		79535B302105745200648398 /* Build configuration list for PBXNativeTarget "MoneyAnimationUITests" */ = {
			isa = XCConfigurationList;
			buildConfigurations = (
				79535B312105745200648398 /* Debug */,
				79535B322105745200648398 /* Release */,
			);
			defaultConfigurationIsVisible = 0;
			defaultConfigurationName = Release;
		};
/* End XCConfigurationList section */
	};
	rootObject = 79535AF62105745100648398 /* Project object */;
}
