// !$*UTF8*$!
{
	archiveVersion = 1;
	classes = {
	};
	objectVersion = 46;
	objects = {

/* Begin PBXBuildFile section */
		18E7F7461EB85D9200BEF5DD /* main.m in Sources */ = {isa = PBXBuildFile; fileRef = 18E7F7451EB85D9200BEF5DD /* main.m */; };
		18E7F7491EB85D9200BEF5DD /* AppDelegate.m in Sources */ = {isa = PBXBuildFile; fileRef = 18E7F7481EB85D9200BEF5DD /* AppDelegate.m */; };
		18E7F74C1EB85D9200BEF5DD /* ViewController.m in Sources */ = {isa = PBXBuildFile; fileRef = 18E7F74B1EB85D9200BEF5DD /* ViewController.m */; };
		18E7F74F1EB85D9200BEF5DD /* Main.storyboard in Resources */ = {isa = PBXBuildFile; fileRef = 18E7F74D1EB85D9200BEF5DD /* Main.storyboard */; };
		18E7F7511EB85D9200BEF5DD /* Assets.xcassets in Resources */ = {isa = PBXBuildFile; fileRef = 18E7F7501EB85D9200BEF5DD /* Assets.xcassets */; };
		18E7F7541EB85D9200BEF5DD /* LaunchScreen.storyboard in Resources */ = {isa = PBXBuildFile; fileRef = 18E7F7521EB85D9200BEF5DD /* LaunchScreen.storyboard */; };
		18E7F75C1EB85DE800BEF5DD /* beauty.jpg in Resources */ = {isa = PBXBuildFile; fileRef = 18E7F75B1EB85DE800BEF5DD /* beauty.jpg */; };
/* End PBXBuildFile section */

/* Begin PBXFileReference section */
		18E7F7411EB85D9200BEF5DD /* SavePhoto_Demo_OC.app */ = {isa = PBXFileReference; explicitFileType = wrapper.application; includeInIndex = 0; path = SavePhoto_Demo_OC.app; sourceTree = BUILT_PRODUCTS_DIR; };
		18E7F7451EB85D9200BEF5DD /* main.m */ = {isa = PBXFileReference; lastKnownFileType = sourcecode.c.objc; path = main.m; sourceTree = "<group>"; };
		18E7F7471EB85D9200BEF5DD /* AppDelegate.h */ = {isa = PBXFileReference; lastKnownFileType = sourcecode.c.h; path = AppDelegate.h; sourceTree = "<group>"; };
		18E7F7481EB85D9200BEF5DD /* AppDelegate.m */ = {isa = PBXFileReference; lastKnownFileType = sourcecode.c.objc; path = AppDelegate.m; sourceTree = "<group>"; };
		18E7F74A1EB85D9200BEF5DD /* ViewController.h */ = {isa = PBXFileReference; lastKnownFileType = sourcecode.c.h; path = ViewController.h; sourceTree = "<group>"; };
		18E7F74B1EB85D9200BEF5DD /* ViewController.m */ = {isa = PBXFileReference; lastKnownFileType = sourcecode.c.objc; path = ViewController.m; sourceTree = "<group>"; };
		18E7F74E1EB85D9200BEF5DD /* Base */ = {isa = PBXFileReference; lastKnownFileType = file.storyboard; name = Base; path = Base.lproj/Main.storyboard; sourceTree = "<group>"; };
		18E7F7501EB85D9200BEF5DD /* Assets.xcassets */ = {isa = PBXFileReference; lastKnownFileType = folder.assetcatalog; path = Assets.xcassets; sourceTree = "<group>"; };
		18E7F7531EB85D9200BEF5DD /* Base */ = {isa = PBXFileReference; lastKnownFileType = file.storyboard; name = Base; path = Base.lproj/LaunchScreen.storyboard; sourceTree = "<group>"; };
		18E7F7551EB85D9200BEF5DD /* Info.plist */ = {isa = PBXFileReference; lastKnownFileType = text.plist.xml; path = Info.plist; sourceTree = "<group>"; };
		18E7F75B1EB85DE800BEF5DD /* beauty.jpg */ = {isa = PBXFileReference; lastKnownFileType = image.jpeg; path = beauty.jpg; sourceTree = "<group>"; };
/* End PBXFileReference section */

/* Begin PBXFrameworksBuildPhase section */
		18E7F73E1EB85D9200BEF5DD /* Frameworks */ = {
			isa = PBXFrameworksBuildPhase;
			buildActionMask = 2147483647;
			files = (
			);
			runOnlyForDeploymentPostprocessing = 0;
		};
/* End PBXFrameworksBuildPhase section */

/* Begin PBXGroup section */
		18E7F7381EB85D9200BEF5DD = {
			isa = PBXGroup;
			children = (
				18E7F7431EB85D9200BEF5DD /* SavePhoto_Demo_OC */,
				18E7F7421EB85D9200BEF5DD /* Products */,
			);
			sourceTree = "<group>";
		};
		18E7F7421EB85D9200BEF5DD /* Products */ = {
			isa = PBXGroup;
			children = (
				18E7F7411EB85D9200BEF5DD /* SavePhoto_Demo_OC.app */,
			);
			name = Products;
			sourceTree = "<group>";
		};
		18E7F7431EB85D9200BEF5DD /* SavePhoto_Demo_OC */ = {
			isa = PBXGroup;
			children = (
				18E7F75B1EB85DE800BEF5DD /* beauty.jpg */,
				18E7F7471EB85D9200BEF5DD /* AppDelegate.h */,
				18E7F7481EB85D9200BEF5DD /* AppDelegate.m */,
				18E7F74A1EB85D9200BEF5DD /* ViewController.h */,
				18E7F74B1EB85D9200BEF5DD /* ViewController.m */,
				18E7F74D1EB85D9200BEF5DD /* Main.storyboard */,
				18E7F7501EB85D9200BEF5DD /* Assets.xcassets */,
				18E7F7521EB85D9200BEF5DD /* LaunchScreen.storyboard */,
				18E7F7551EB85D9200BEF5DD /* Info.plist */,
				18E7F7441EB85D9200BEF5DD /* Supporting Files */,
			);
			path = SavePhoto_Demo_OC;
			sourceTree = "<group>";
		};
		18E7F7441EB85D9200BEF5DD /* Supporting Files */ = {
			isa = PBXGroup;
			children = (
				18E7F7451EB85D9200BEF5DD /* main.m */,
			);
			name = "Supporting Files";
			sourceTree = "<group>";
		};
/* End PBXGroup section */

/* Begin PBXNativeTarget section */
		18E7F7401EB85D9200BEF5DD /* SavePhoto_Demo_OC */ = {
			isa = PBXNativeTarget;
			buildConfigurationList = 18E7F7581EB85D9200BEF5DD /* Build configuration list for PBXNativeTarget "SavePhoto_Demo_OC" */;
			buildPhases = (
				18E7F73D1EB85D9200BEF5DD /* Sources */,
				18E7F73E1EB85D9200BEF5DD /* Frameworks */,
				18E7F73F1EB85D9200BEF5DD /* Resources */,
			);
			buildRules = (
			);
			dependencies = (
			);
			name = SavePhoto_Demo_OC;
			productName = SavePhoto_Demo_OC;
			productReference = 18E7F7411EB85D9200BEF5DD /* SavePhoto_Demo_OC.app */;
			productType = "com.apple.product-type.application";
		};
/* End PBXNativeTarget section */

/* Begin PBXProject section */
		18E7F7391EB85D9200BEF5DD /* Project object */ = {
			isa = PBXProject;
			attributes = {
				LastUpgradeCheck = 0820;
				ORGANIZATIONNAME = DWade;
				TargetAttributes = {
					18E7F7401EB85D9200BEF5DD = {
						CreatedOnToolsVersion = 8.2.1;
						ProvisioningStyle = Automatic;
					};
				};
			};
			buildConfigurationList = 18E7F73C1EB85D9200BEF5DD /* Build configuration list for PBXProject "SavePhoto_Demo_OC" */;
			compatibilityVersion = "Xcode 3.2";
			developmentRegion = English;
			hasScannedForEncodings = 0;
			knownRegions = (
				en,
				Base,
			);
			mainGroup = 18E7F7381EB85D9200BEF5DD;
			productRefGroup = 18E7F7421EB85D9200BEF5DD /* Products */;
			projectDirPath = "";
			projectRoot = "";
			targets = (
				18E7F7401EB85D9200BEF5DD /* SavePhoto_Demo_OC */,
			);
		};
/* End PBXProject section */

/* Begin PBXResourcesBuildPhase section */
		18E7F73F1EB85D9200BEF5DD /* Resources */ = {
			isa = PBXResourcesBuildPhase;
			buildActionMask = 2147483647;
			files = (
				18E7F7541EB85D9200BEF5DD /* LaunchScreen.storyboard in Resources */,
				18E7F7511EB85D9200BEF5DD /* Assets.xcassets in Resources */,
				18E7F74F1EB85D9200BEF5DD /* Main.storyboard in Resources */,
				18E7F75C1EB85DE800BEF5DD /* beauty.jpg in Resources */,
			);
			runOnlyForDeploymentPostprocessing = 0;
		};
/* End PBXResourcesBuildPhase section */

/* Begin PBXSourcesBuildPhase section */
		18E7F73D1EB85D9200BEF5DD /* Sources */ = {
			isa = PBXSourcesBuildPhase;
			buildActionMask = 2147483647;
			files = (
				18E7F74C1EB85D9200BEF5DD /* ViewController.m in Sources */,
				18E7F7491EB85D9200BEF5DD /* AppDelegate.m in Sources */,
				18E7F7461EB85D9200BEF5DD /* main.m in Sources */,
			);
			runOnlyForDeploymentPostprocessing = 0;
		};
/* End PBXSourcesBuildPhase section */

/* Begin PBXVariantGroup section */
		18E7F74D1EB85D9200BEF5DD /* Main.storyboard */ = {
			isa = PBXVariantGroup;
			children = (
				18E7F74E1EB85D9200BEF5DD /* Base */,
			);
			name = Main.storyboard;
			sourceTree = "<group>";
		};
		18E7F7521EB85D9200BEF5DD /* LaunchScreen.storyboard */ = {
			isa = PBXVariantGroup;
			children = (
				18E7F7531EB85D9200BEF5DD /* Base */,
			);
			name = LaunchScreen.storyboard;
			sourceTree = "<group>";
		};
/* End PBXVariantGroup section */

/* Begin XCBuildConfiguration section */
		18E7F7561EB85D9200BEF5DD /* Debug */ = {
			isa = XCBuildConfiguration;
			buildSettings = {
				ALWAYS_SEARCH_USER_PATHS = NO;
				CLANG_ANALYZER_NONNULL = YES;
				CLANG_CXX_LANGUAGE_STANDARD = "gnu++0x";
				CLANG_CXX_LIBRARY = "libc++";
				CLANG_ENABLE_MODULES = YES;
				CLANG_ENABLE_OBJC_ARC = YES;
				CLANG_WARN_BOOL_CONVERSION = YES;
				CLANG_WARN_CONSTANT_CONVERSION = YES;
				CLANG_WARN_DIRECT_OBJC_ISA_USAGE = YES_ERROR;
				CLANG_WARN_DOCUMENTATION_COMMENTS = YES;
				CLANG_WARN_EMPTY_BODY = YES;
				CLANG_WARN_ENUM_CONVERSION = YES;
				CLANG_WARN_INFINITE_RECURSION = YES;
				CLANG_WARN_INT_CONVERSION = YES;
				CLANG_WARN_OBJC_ROOT_CLASS = YES_ERROR;
				CLANG_WARN_SUSPICIOUS_MOVE = YES;
				CLANG_WARN_UNREACHABLE_CODE = YES;
				CLANG_WARN__DUPLICATE_METHOD_MATCH = YES;
				"CODE_SIGN_IDENTITY[sdk=iphoneos*]" = "iPhone Developer";
				COPY_PHASE_STRIP = NO;
				DEBUG_INFORMATION_FORMAT = dwarf;
				ENABLE_STRICT_OBJC_MSGSEND = YES;
				ENABLE_TESTABILITY = YES;
				GCC_C_LANGUAGE_STANDARD = gnu99;
				GCC_DYNAMIC_NO_PIC = NO;
				GCC_NO_COMMON_BLOCKS = YES;
				GCC_OPTIMIZATION_LEVEL = 0;
				GCC_PREPROCESSOR_DEFINITIONS = (
					"DEBUG=1",
					"$(inherited)",
				);
				GCC_WARN_64_TO_32_BIT_CONVERSION = YES;
				GCC_WARN_ABOUT_RETURN_TYPE = YES_ERROR;
				GCC_WARN_UNDECLARED_SELECTOR = YES;
				GCC_WARN_UNINITIALIZED_AUTOS = YES_AGGRESSIVE;
				GCC_WARN_UNUSED_FUNCTION = YES;
				GCC_WARN_UNUSED_VARIABLE = YES;
				IPHONEOS_DEPLOYMENT_TARGET = 10.2;
				MTL_ENABLE_DEBUG_INFO = YES;
				ONLY_ACTIVE_ARCH = YES;
				SDKROOT = iphoneos;
			};
			name = Debug;
		};
		18E7F7571EB85D9200BEF5DD /* Release */ = {
			isa = XCBuildConfiguration;
			buildSettings = {
				ALWAYS_SEARCH_USER_PATHS = NO;
				CLANG_ANALYZER_NONNULL = YES;
				CLANG_CXX_LANGUAGE_STANDARD = "gnu++0x";
				CLANG_CXX_LIBRARY = "libc++";
				CLANG_ENABLE_MODULES = YES;
				CLANG_ENABLE_OBJC_ARC = YES;
				CLANG_WARN_BOOL_CONVERSION = YES;
				CLANG_WARN_CONSTANT_CONVERSION = YES;
				CLANG_WARN_DIRECT_OBJC_ISA_USAGE = YES_ERROR;
				CLANG_WARN_DOCUMENTATION_COMMENTS = YES;
				CLANG_WARN_EMPTY_BODY = YES;
				CLANG_WARN_ENUM_CONVERSION = YES;
				CLANG_WARN_INFINITE_RECURSION = YES;
				CLANG_WARN_INT_CONVERSION = YES;
				CLANG_WARN_OBJC_ROOT_CLASS = YES_ERROR;
				CLANG_WARN_SUSPICIOUS_MOVE = YES;
				CLANG_WARN_UNREACHABLE_CODE = YES;
				CLANG_WARN__DUPLICATE_METHOD_MATCH = YES;
				"CODE_SIGN_IDENTITY[sdk=iphoneos*]" = "iPhone Developer";
				COPY_PHASE_STRIP = NO;
				DEBUG_INFORMATION_FORMAT = "dwarf-with-dsym";
				ENABLE_NS_ASSERTIONS = NO;
				ENABLE_STRICT_OBJC_MSGSEND = YES;
				GCC_C_LANGUAGE_STANDARD = gnu99;
				GCC_NO_COMMON_BLOCKS = YES;
				GCC_WARN_64_TO_32_BIT_CONVERSION = YES;
				GCC_WARN_ABOUT_RETURN_TYPE = YES_ERROR;
				GCC_WARN_UNDECLARED_SELECTOR = YES;
				GCC_WARN_UNINITIALIZED_AUTOS = YES_AGGRESSIVE;
				GCC_WARN_UNUSED_FUNCTION = YES;
				GCC_WARN_UNUSED_VARIABLE = YES;
				IPHONEOS_DEPLOYMENT_TARGET = 10.2;
				MTL_ENABLE_DEBUG_INFO = NO;
				SDKROOT = iphoneos;
				VALIDATE_PRODUCT = YES;
			};
			name = Release;
		};
		18E7F7591EB85D9200BEF5DD /* Debug */ = {
			isa = XCBuildConfiguration;
			buildSettings = {
				ASSETCATALOG_COMPILER_APPICON_NAME = AppIcon;
				INFOPLIST_FILE = SavePhoto_Demo_OC/Info.plist;
				LD_RUNPATH_SEARCH_PATHS = "$(inherited) @executable_path/Frameworks";
				PRODUCT_BUNDLE_IDENTIFIER = "DWade.SavePhoto-Demo-OC";
				PRODUCT_NAME = "$(TARGET_NAME)";
			};
			name = Debug;
		};
		18E7F75A1EB85D9200BEF5DD /* Release */ = {
			isa = XCBuildConfiguration;
			buildSettings = {
				ASSETCATALOG_COMPILER_APPICON_NAME = AppIcon;
				INFOPLIST_FILE = SavePhoto_Demo_OC/Info.plist;
				LD_RUNPATH_SEARCH_PATHS = "$(inherited) @executable_path/Frameworks";
				PRODUCT_BUNDLE_IDENTIFIER = "DWade.SavePhoto-Demo-OC";
				PRODUCT_NAME = "$(TARGET_NAME)";
			};
			name = Release;
		};
/* End XCBuildConfiguration section */

/* Begin XCConfigurationList section */
		18E7F73C1EB85D9200BEF5DD /* Build configuration list for PBXProject "SavePhoto_Demo_OC" */ = {
			isa = XCConfigurationList;
			buildConfigurations = (
				18E7F7561EB85D9200BEF5DD /* Debug */,
				18E7F7571EB85D9200BEF5DD /* Release */,
			);
			defaultConfigurationIsVisible = 0;
			defaultConfigurationName = Release;
		};
		18E7F7581EB85D9200BEF5DD /* Build configuration list for PBXNativeTarget "SavePhoto_Demo_OC" */ = {
			isa = XCConfigurationList;
			buildConfigurations = (
				18E7F7591EB85D9200BEF5DD /* Debug */,
				18E7F75A1EB85D9200BEF5DD /* Release */,
			);
			defaultConfigurationIsVisible = 0;
		};
/* End XCConfigurationList section */
	};
	rootObject = 18E7F7391EB85D9200BEF5DD /* Project object */;
}
